
Microsoft Visual Studio Solution File, Format Version 12.00
# Visual Studio Version 16
VisualStudioVersion = 16.0.32802.440
MinimumVisualStudioVersion = 10.0.40219.1
Project("{2150E333-8FDC-42A3-9474-1A3956D46DE8}") = "libs", "libs", "{1377D38A-F940-42FE-AE88-A8B5C2E06C0C}"
EndProject
Project("{8BC9CEB8-8B4A-11D0-8D11-00A0C91BC942}") = "jsoncpp", "libs\jsoncpp\jsoncpp.vcxproj", "{35489414-1F7C-45B6-9300-433D691BD950}"
EndProject
Project("{8BC9CEB8-8B4A-11D0-8D11-00A0C91BC942}") = "NetLib", "libs\NetLib\NetLib.vcxproj", "{D9D8153F-5A09-4D1D-964F-70E43AE58A62}"
EndProject
Project("{8BC9CEB8-8B4A-11D0-8D11-00A0C91BC942}") = "utils", "libs\utils\utils.vcxproj", "{6536023D-D8BE-4631-AF9A-DCC04F3E0ABD}"
EndProject
Project("{8BC9CEB8-8B4A-11D0-8D11-00A0C91BC942}") = "winlog", "libs\winlog\winlog.vcxproj", "{16BDAAC6-3385-4F93-B3B5-CB09C7A2573B}"
EndProject
Project("{8BC9CEB8-8B4A-11D0-8D11-00A0C91BC942}") = "zlib", "libs\zlib\zlib.vcxproj", "{A340469E-3EB5-440A-8F74-D5857A990B22}"
EndProject
Project("{2150E333-8FDC-42A3-9474-1A3956D46DE8}") = "ui", "ui", "{86067C62-106A-4758-BA23-5D9D8765D955}"
EndProject
Project("{8BC9CEB8-8B4A-11D0-8D11-00A0C91BC942}") = "PanelChatWindow", "src\PanelChatWindow\PanelChatWindow.vcxproj", "{890D9586-2816-44CB-8E0F-CFD6A8DE335E}"
EndProject
Project("{8BC9CEB8-8B4A-11D0-8D11-00A0C91BC942}") = "PanelLoginDialog", "src\PanelLoginDialog\PanelLoginDialog.vcxproj", "{49A75D0D-29D2-49B2-8957-A979C10EEF0A}"
EndProject
Project("{8BC9CEB8-8B4A-11D0-8D11-00A0C91BC942}") = "PanelMainWindow", "src\PanelMainWindow\PanelMainWindow.vcxproj", "{B12702AD-ABFB-343A-A199-8E24837244A3}"
EndProject
Project("{8BC9CEB8-8B4A-11D0-8D11-00A0C91BC942}") = "QtFlamingo", "src\QtFlamingo\QtFlamingo.vcxproj", "{08F94253-A48E-4A60-8335-3C11061F20DC}"
EndProject
Project("{8BC9CEB8-8B4A-11D0-8D11-00A0C91BC942}") = "User", "src\User\User.vcxproj", "{DE78E4EF-4AE6-4700-BFC3-85856B37469B}"
EndProject
Project("{2150E333-8FDC-42A3-9474-1A3956D46DE8}") = "uibase", "uibase", "{09413718-1AF7-49AC-A4FB-C188CB464959}"
EndProject
Project("{8BC9CEB8-8B4A-11D0-8D11-00A0C91BC942}") = "PanelBaseWidget", "src\PanelBaseWidget\PanelBaseWidget.vcxproj", "{87BC245F-7A53-4663-B509-A433D1DCB633}"
EndProject
Project("{8BC9CEB8-8B4A-11D0-8D11-00A0C91BC942}") = "Env", "src\Env\Env.vcxproj", "{ED10AEF2-6A40-4708-94DA-F230B4329ADC}"
EndProject
Project("{8BC9CEB8-8B4A-11D0-8D11-00A0C91BC942}") = "UiResources", "src\UiResources\UiResources.vcxproj", "{8E46D8E3-C6C0-48D7-AB6E-AB5C7B5D6CB6}"
EndProject
Project("{8BC9CEB8-8B4A-11D0-8D11-00A0C91BC942}") = "UiEvent", "src\UiEvent\UiEvent.vcxproj", "{F61BBA87-E320-4E81-9D4D-3A3F167D91DE}"
EndProject
Project("{8BC9CEB8-8B4A-11D0-8D11-00A0C91BC942}") = "TeamTalkHP", "TeamTalkHP\TeamTalkHP.vcxproj", "{F7755372-CBB1-41DC-837E-CD70D9683337}"
EndProject
Project("{8BC9CEB8-8B4A-11D0-8D11-00A0C91BC942}") = "ProtocolData", "libs\ProtocolData\ProtocolData.vcxproj", "{62AAFD1A-16A7-45AC-9BBF-4302EF394815}"
EndProject
Project("{8BC9CEB8-8B4A-11D0-8D11-00A0C91BC942}") = "UserClientCenter", "libs\UserClientCenter\UserClientCenter.vcxproj", "{516B9D6F-DA55-427E-9DF6-891D54126901}"
EndProject
Global
	GlobalSection(SolutionConfigurationPlatforms) = preSolution
		Debug|x64 = Debug|x64
		Debug|x86 = Debug|x86
		Release|x64 = Release|x64
		Release|x86 = Release|x86
	EndGlobalSection
	GlobalSection(ProjectConfigurationPlatforms) = postSolution
		{35489414-1F7C-45B6-9300-433D691BD950}.Debug|x64.ActiveCfg = Debug|x64
		{35489414-1F7C-45B6-9300-433D691BD950}.Debug|x64.Build.0 = Debug|x64
		{35489414-1F7C-45B6-9300-433D691BD950}.Debug|x86.ActiveCfg = Debug|Win32
		{35489414-1F7C-45B6-9300-433D691BD950}.Debug|x86.Build.0 = Debug|Win32
		{35489414-1F7C-45B6-9300-433D691BD950}.Release|x64.ActiveCfg = Release|x64
		{35489414-1F7C-45B6-9300-433D691BD950}.Release|x64.Build.0 = Release|x64
		{35489414-1F7C-45B6-9300-433D691BD950}.Release|x86.ActiveCfg = Release|Win32
		{35489414-1F7C-45B6-9300-433D691BD950}.Release|x86.Build.0 = Release|Win32
		{D9D8153F-5A09-4D1D-964F-70E43AE58A62}.Debug|x64.ActiveCfg = Debug|x64
		{D9D8153F-5A09-4D1D-964F-70E43AE58A62}.Debug|x64.Build.0 = Debug|x64
		{D9D8153F-5A09-4D1D-964F-70E43AE58A62}.Debug|x86.ActiveCfg = Debug|Win32
		{D9D8153F-5A09-4D1D-964F-70E43AE58A62}.Debug|x86.Build.0 = Debug|Win32
		{D9D8153F-5A09-4D1D-964F-70E43AE58A62}.Release|x64.ActiveCfg = Release|x64
		{D9D8153F-5A09-4D1D-964F-70E43AE58A62}.Release|x64.Build.0 = Release|x64
		{D9D8153F-5A09-4D1D-964F-70E43AE58A62}.Release|x86.ActiveCfg = Release|Win32
		{D9D8153F-5A09-4D1D-964F-70E43AE58A62}.Release|x86.Build.0 = Release|Win32
		{6536023D-D8BE-4631-AF9A-DCC04F3E0ABD}.Debug|x64.ActiveCfg = Debug|x64
		{6536023D-D8BE-4631-AF9A-DCC04F3E0ABD}.Debug|x64.Build.0 = Debug|x64
		{6536023D-D8BE-4631-AF9A-DCC04F3E0ABD}.Debug|x86.ActiveCfg = Debug|Win32
		{6536023D-D8BE-4631-AF9A-DCC04F3E0ABD}.Debug|x86.Build.0 = Debug|Win32
		{6536023D-D8BE-4631-AF9A-DCC04F3E0ABD}.Release|x64.ActiveCfg = Release|x64
		{6536023D-D8BE-4631-AF9A-DCC04F3E0ABD}.Release|x64.Build.0 = Release|x64
		{6536023D-D8BE-4631-AF9A-DCC04F3E0ABD}.Release|x86.ActiveCfg = Release|Win32
		{6536023D-D8BE-4631-AF9A-DCC04F3E0ABD}.Release|x86.Build.0 = Release|Win32
		{16BDAAC6-3385-4F93-B3B5-CB09C7A2573B}.Debug|x64.ActiveCfg = Debug|x64
		{16BDAAC6-3385-4F93-B3B5-CB09C7A2573B}.Debug|x64.Build.0 = Debug|x64
		{16BDAAC6-3385-4F93-B3B5-CB09C7A2573B}.Debug|x86.ActiveCfg = Debug|Win32
		{16BDAAC6-3385-4F93-B3B5-CB09C7A2573B}.Debug|x86.Build.0 = Debug|Win32
		{16BDAAC6-3385-4F93-B3B5-CB09C7A2573B}.Release|x64.ActiveCfg = Release|x64
		{16BDAAC6-3385-4F93-B3B5-CB09C7A2573B}.Release|x64.Build.0 = Release|x64
		{16BDAAC6-3385-4F93-B3B5-CB09C7A2573B}.Release|x86.ActiveCfg = Release|Win32
		{16BDAAC6-3385-4F93-B3B5-CB09C7A2573B}.Release|x86.Build.0 = Release|Win32
		{A340469E-3EB5-440A-8F74-D5857A990B22}.Debug|x64.ActiveCfg = Debug|x64
		{A340469E-3EB5-440A-8F74-D5857A990B22}.Debug|x64.Build.0 = Debug|x64
		{A340469E-3EB5-440A-8F74-D5857A990B22}.Debug|x86.ActiveCfg = Debug|Win32
		{A340469E-3EB5-440A-8F74-D5857A990B22}.Debug|x86.Build.0 = Debug|Win32
		{A340469E-3EB5-440A-8F74-D5857A990B22}.Release|x64.ActiveCfg = Release|x64
		{A340469E-3EB5-440A-8F74-D5857A990B22}.Release|x64.Build.0 = Release|x64
		{A340469E-3EB5-440A-8F74-D5857A990B22}.Release|x86.ActiveCfg = Release|Win32
		{A340469E-3EB5-440A-8F74-D5857A990B22}.Release|x86.Build.0 = Release|Win32
		{890D9586-2816-44CB-8E0F-CFD6A8DE335E}.Debug|x64.ActiveCfg = Debug|x64
		{890D9586-2816-44CB-8E0F-CFD6A8DE335E}.Debug|x86.ActiveCfg = Debug|Win32
		{890D9586-2816-44CB-8E0F-CFD6A8DE335E}.Debug|x86.Build.0 = Debug|Win32
		{890D9586-2816-44CB-8E0F-CFD6A8DE335E}.Release|x64.ActiveCfg = Release|Win32
		{890D9586-2816-44CB-8E0F-CFD6A8DE335E}.Release|x86.ActiveCfg = Release|Win32
		{890D9586-2816-44CB-8E0F-CFD6A8DE335E}.Release|x86.Build.0 = Release|Win32
		{49A75D0D-29D2-49B2-8957-A979C10EEF0A}.Debug|x64.ActiveCfg = Debug|x64
		{49A75D0D-29D2-49B2-8957-A979C10EEF0A}.Debug|x86.ActiveCfg = Debug|Win32
		{49A75D0D-29D2-49B2-8957-A979C10EEF0A}.Debug|x86.Build.0 = Debug|Win32
		{49A75D0D-29D2-49B2-8957-A979C10EEF0A}.Release|x64.ActiveCfg = Release|Win32
		{49A75D0D-29D2-49B2-8957-A979C10EEF0A}.Release|x86.ActiveCfg = Release|Win32
		{49A75D0D-29D2-49B2-8957-A979C10EEF0A}.Release|x86.Build.0 = Release|Win32
		{B12702AD-ABFB-343A-A199-8E24837244A3}.Debug|x64.ActiveCfg = Debug|x64
		{B12702AD-ABFB-343A-A199-8E24837244A3}.Debug|x86.ActiveCfg = Debug|Win32
		{B12702AD-ABFB-343A-A199-8E24837244A3}.Debug|x86.Build.0 = Debug|Win32
		{B12702AD-ABFB-343A-A199-8E24837244A3}.Release|x64.ActiveCfg = Release|Win32
		{B12702AD-ABFB-343A-A199-8E24837244A3}.Release|x86.ActiveCfg = Release|Win32
		{B12702AD-ABFB-343A-A199-8E24837244A3}.Release|x86.Build.0 = Release|Win32
		{08F94253-A48E-4A60-8335-3C11061F20DC}.Debug|x64.ActiveCfg = Debug|x64
		{08F94253-A48E-4A60-8335-3C11061F20DC}.Debug|x86.ActiveCfg = Debug|Win32
		{08F94253-A48E-4A60-8335-3C11061F20DC}.Debug|x86.Build.0 = Debug|Win32
		{08F94253-A48E-4A60-8335-3C11061F20DC}.Release|x64.ActiveCfg = Release|Win32
		{08F94253-A48E-4A60-8335-3C11061F20DC}.Release|x86.ActiveCfg = Release|Win32
		{08F94253-A48E-4A60-8335-3C11061F20DC}.Release|x86.Build.0 = Release|Win32
		{DE78E4EF-4AE6-4700-BFC3-85856B37469B}.Debug|x64.ActiveCfg = Debug|x64
		{DE78E4EF-4AE6-4700-BFC3-85856B37469B}.Debug|x64.Build.0 = Debug|x64
		{DE78E4EF-4AE6-4700-BFC3-85856B37469B}.Debug|x86.ActiveCfg = Debug|Win32
		{DE78E4EF-4AE6-4700-BFC3-85856B37469B}.Debug|x86.Build.0 = Debug|Win32
		{DE78E4EF-4AE6-4700-BFC3-85856B37469B}.Release|x64.ActiveCfg = Release|x64
		{DE78E4EF-4AE6-4700-BFC3-85856B37469B}.Release|x64.Build.0 = Release|x64
		{DE78E4EF-4AE6-4700-BFC3-85856B37469B}.Release|x86.ActiveCfg = Release|Win32
		{DE78E4EF-4AE6-4700-BFC3-85856B37469B}.Release|x86.Build.0 = Release|Win32
		{87BC245F-7A53-4663-B509-A433D1DCB633}.Debug|x64.ActiveCfg = Debug|x64
		{87BC245F-7A53-4663-B509-A433D1DCB633}.Debug|x86.ActiveCfg = Debug|Win32
		{87BC245F-7A53-4663-B509-A433D1DCB633}.Debug|x86.Build.0 = Debug|Win32
		{87BC245F-7A53-4663-B509-A433D1DCB633}.Release|x64.ActiveCfg = Release|Win32
		{87BC245F-7A53-4663-B509-A433D1DCB633}.Release|x86.ActiveCfg = Release|Win32
		{87BC245F-7A53-4663-B509-A433D1DCB633}.Release|x86.Build.0 = Release|Win32
		{ED10AEF2-6A40-4708-94DA-F230B4329ADC}.Debug|x64.ActiveCfg = Debug|x64
		{ED10AEF2-6A40-4708-94DA-F230B4329ADC}.Debug|x64.Build.0 = Debug|x64
		{ED10AEF2-6A40-4708-94DA-F230B4329ADC}.Debug|x86.ActiveCfg = Debug|Win32
		{ED10AEF2-6A40-4708-94DA-F230B4329ADC}.Debug|x86.Build.0 = Debug|Win32
		{ED10AEF2-6A40-4708-94DA-F230B4329ADC}.Release|x64.ActiveCfg = Release|x64
		{ED10AEF2-6A40-4708-94DA-F230B4329ADC}.Release|x64.Build.0 = Release|x64
		{ED10AEF2-6A40-4708-94DA-F230B4329ADC}.Release|x86.ActiveCfg = Release|Win32
		{ED10AEF2-6A40-4708-94DA-F230B4329ADC}.Release|x86.Build.0 = Release|Win32
		{8E46D8E3-C6C0-48D7-AB6E-AB5C7B5D6CB6}.Debug|x64.ActiveCfg = Debug|x64
		{8E46D8E3-C6C0-48D7-AB6E-AB5C7B5D6CB6}.Debug|x64.Build.0 = Debug|x64
		{8E46D8E3-C6C0-48D7-AB6E-AB5C7B5D6CB6}.Debug|x86.ActiveCfg = Debug|Win32
		{8E46D8E3-C6C0-48D7-AB6E-AB5C7B5D6CB6}.Debug|x86.Build.0 = Debug|Win32
		{8E46D8E3-C6C0-48D7-AB6E-AB5C7B5D6CB6}.Release|x64.ActiveCfg = Release|x64
		{8E46D8E3-C6C0-48D7-AB6E-AB5C7B5D6CB6}.Release|x64.Build.0 = Release|x64
		{8E46D8E3-C6C0-48D7-AB6E-AB5C7B5D6CB6}.Release|x86.ActiveCfg = Release|Win32
		{8E46D8E3-C6C0-48D7-AB6E-AB5C7B5D6CB6}.Release|x86.Build.0 = Release|Win32
		{F61BBA87-E320-4E81-9D4D-3A3F167D91DE}.Debug|x64.ActiveCfg = Debug|x64
		{F61BBA87-E320-4E81-9D4D-3A3F167D91DE}.Debug|x64.Build.0 = Debug|x64
		{F61BBA87-E320-4E81-9D4D-3A3F167D91DE}.Debug|x86.ActiveCfg = Debug|Win32
		{F61BBA87-E320-4E81-9D4D-3A3F167D91DE}.Debug|x86.Build.0 = Debug|Win32
		{F61BBA87-E320-4E81-9D4D-3A3F167D91DE}.Release|x64.ActiveCfg = Release|x64
		{F61BBA87-E320-4E81-9D4D-3A3F167D91DE}.Release|x64.Build.0 = Release|x64
		{F61BBA87-E320-4E81-9D4D-3A3F167D91DE}.Release|x86.ActiveCfg = Release|Win32
		{F61BBA87-E320-4E81-9D4D-3A3F167D91DE}.Release|x86.Build.0 = Release|Win32
		{F7755372-CBB1-41DC-837E-CD70D9683337}.Debug|x64.ActiveCfg = Debug|x64
		{F7755372-CBB1-41DC-837E-CD70D9683337}.Debug|x64.Build.0 = Debug|x64
		{F7755372-CBB1-41DC-837E-CD70D9683337}.Debug|x86.ActiveCfg = Debug|x64
		{F7755372-CBB1-41DC-837E-CD70D9683337}.Release|x64.ActiveCfg = Release|x64
		{F7755372-CBB1-41DC-837E-CD70D9683337}.Release|x64.Build.0 = Release|x64
		{F7755372-CBB1-41DC-837E-CD70D9683337}.Release|x86.ActiveCfg = Release|x64
		{62AAFD1A-16A7-45AC-9BBF-4302EF394815}.Debug|x64.ActiveCfg = Debug|x64
		{62AAFD1A-16A7-45AC-9BBF-4302EF394815}.Debug|x64.Build.0 = Debug|x64
		{62AAFD1A-16A7-45AC-9BBF-4302EF394815}.Debug|x86.ActiveCfg = Debug|Win32
		{62AAFD1A-16A7-45AC-9BBF-4302EF394815}.Debug|x86.Build.0 = Debug|Win32
		{62AAFD1A-16A7-45AC-9BBF-4302EF394815}.Release|x64.ActiveCfg = Release|x64
		{62AAFD1A-16A7-45AC-9BBF-4302EF394815}.Release|x64.Build.0 = Release|x64
		{62AAFD1A-16A7-45AC-9BBF-4302EF394815}.Release|x86.ActiveCfg = Release|Win32
		{62AAFD1A-16A7-45AC-9BBF-4302EF394815}.Release|x86.Build.0 = Release|Win32
		{516B9D6F-DA55-427E-9DF6-891D54126901}.Debug|x64.ActiveCfg = Debug|x64
		{516B9D6F-DA55-427E-9DF6-891D54126901}.Debug|x64.Build.0 = Debug|x64
		{516B9D6F-DA55-427E-9DF6-891D54126901}.Debug|x86.ActiveCfg = Debug|x64
		{516B9D6F-DA55-427E-9DF6-891D54126901}.Release|x64.ActiveCfg = Release|x64
		{516B9D6F-DA55-427E-9DF6-891D54126901}.Release|x64.Build.0 = Release|x64
		{516B9D6F-DA55-427E-9DF6-891D54126901}.Release|x86.ActiveCfg = Release|x64
	EndGlobalSection
	GlobalSection(SolutionProperties) = preSolution
		HideSolutionNode = FALSE
	EndGlobalSection
	GlobalSection(NestedProjects) = preSolution
		{35489414-1F7C-45B6-9300-433D691BD950} = {1377D38A-F940-42FE-AE88-A8B5C2E06C0C}
		{D9D8153F-5A09-4D1D-964F-70E43AE58A62} = {1377D38A-F940-42FE-AE88-A8B5C2E06C0C}
		{6536023D-D8BE-4631-AF9A-DCC04F3E0ABD} = {1377D38A-F940-42FE-AE88-A8B5C2E06C0C}
		{16BDAAC6-3385-4F93-B3B5-CB09C7A2573B} = {1377D38A-F940-42FE-AE88-A8B5C2E06C0C}
		{A340469E-3EB5-440A-8F74-D5857A990B22} = {1377D38A-F940-42FE-AE88-A8B5C2E06C0C}
		{890D9586-2816-44CB-8E0F-CFD6A8DE335E} = {86067C62-106A-4758-BA23-5D9D8765D955}
		{49A75D0D-29D2-49B2-8957-A979C10EEF0A} = {86067C62-106A-4758-BA23-5D9D8765D955}
		{B12702AD-ABFB-343A-A199-8E24837244A3} = {86067C62-106A-4758-BA23-5D9D8765D955}
		{09413718-1AF7-49AC-A4FB-C188CB464959} = {86067C62-106A-4758-BA23-5D9D8765D955}
		{87BC245F-7A53-4663-B509-A433D1DCB633} = {09413718-1AF7-49AC-A4FB-C188CB464959}
		{8E46D8E3-C6C0-48D7-AB6E-AB5C7B5D6CB6} = {09413718-1AF7-49AC-A4FB-C188CB464959}
		{F61BBA87-E320-4E81-9D4D-3A3F167D91DE} = {09413718-1AF7-49AC-A4FB-C188CB464959}
		{62AAFD1A-16A7-45AC-9BBF-4302EF394815} = {1377D38A-F940-42FE-AE88-A8B5C2E06C0C}
		{516B9D6F-DA55-427E-9DF6-891D54126901} = {1377D38A-F940-42FE-AE88-A8B5C2E06C0C}
	EndGlobalSection
	GlobalSection(ExtensibilityGlobals) = postSolution
		SolutionGuid = {DBDD9380-14C8-48F2-B29F-0C006003A6CF}
	EndGlobalSection
EndGlobal
