
Microsoft Visual Studio Solution File, Format Version 12.00
# Visual Studio Version 16
VisualStudioVersion = 16.0.32802.440
MinimumVisualStudioVersion = 10.0.40219.1
Project("{2150E333-8FDC-42A3-9474-1A3956D46DE8}") = "libs", "libs", "{1377D38A-F940-42FE-AE88-A8B5C2E06C0C}"
EndProject
Project("{8BC9CEB8-8B4A-11D0-8D11-00A0C91BC942}") = "jsoncpp", "libs\jsoncpp\jsoncpp.vcxproj", "{35489414-1F7C-45B6-9300-433D691BD950}"
EndProject
Project("{8BC9CEB8-8B4A-11D0-8D11-00A0C91BC942}") = "NetLib", "libs\NetLib\NetLib.vcxproj", "{D9D8153F-5A09-4D1D-964F-70E43AE58A62}"
EndProject
Project("{8BC9CEB8-8B4A-11D0-8D11-00A0C91BC942}") = "utils", "libs\utils\utils.vcxproj", "{6536023D-D8BE-4631-AF9A-DCC04F3E0ABD}"
EndProject
Project("{8BC9CEB8-8B4A-11D0-8D11-00A0C91BC942}") = "zlib", "libs\zlib\zlib.vcxproj", "{A340469E-3EB5-440A-8F74-D5857A990B22}"
EndProject
Project("{8BC9CEB8-8B4A-11D0-8D11-00A0C91BC942}") = "TeamTalkIM", "TeamTalkHP\TeamTalkHP.vcxproj", "{F7755372-CBB1-41DC-837E-CD70D9683337}"
EndProject
Project("{8BC9CEB8-8B4A-11D0-8D11-00A0C91BC942}") = "ProtocolData", "libs\ProtocolData\ProtocolData.vcxproj", "{62AAFD1A-16A7-45AC-9BBF-4302EF394815}"
EndProject
Project("{8BC9CEB8-8B4A-11D0-8D11-00A0C91BC942}") = "UserClientCenter", "libs\UserClientCenter\UserClientCenter.vcxproj", "{516B9D6F-DA55-427E-9DF6-891D54126901}"
EndProject
Global
	GlobalSection(SolutionConfigurationPlatforms) = preSolution
		Debug|x64 = Debug|x64
		Debug|x86 = Debug|x86
		Release|x64 = Release|x64
		Release|x86 = Release|x86
	EndGlobalSection
	GlobalSection(ProjectConfigurationPlatforms) = postSolution
		{35489414-1F7C-45B6-9300-433D691BD950}.Debug|x64.ActiveCfg = Debug|x64
		{35489414-1F7C-45B6-9300-433D691BD950}.Debug|x64.Build.0 = Debug|x64
		{35489414-1F7C-45B6-9300-433D691BD950}.Debug|x86.ActiveCfg = Debug|Win32
		{35489414-1F7C-45B6-9300-433D691BD950}.Debug|x86.Build.0 = Debug|Win32
		{35489414-1F7C-45B6-9300-433D691BD950}.Release|x64.ActiveCfg = Release|x64
		{35489414-1F7C-45B6-9300-433D691BD950}.Release|x64.Build.0 = Release|x64
		{35489414-1F7C-45B6-9300-433D691BD950}.Release|x86.ActiveCfg = Release|Win32
		{35489414-1F7C-45B6-9300-433D691BD950}.Release|x86.Build.0 = Release|Win32
		{D9D8153F-5A09-4D1D-964F-70E43AE58A62}.Debug|x64.ActiveCfg = Debug|x64
		{D9D8153F-5A09-4D1D-964F-70E43AE58A62}.Debug|x64.Build.0 = Debug|x64
		{D9D8153F-5A09-4D1D-964F-70E43AE58A62}.Debug|x86.ActiveCfg = Debug|Win32
		{D9D8153F-5A09-4D1D-964F-70E43AE58A62}.Debug|x86.Build.0 = Debug|Win32
		{D9D8153F-5A09-4D1D-964F-70E43AE58A62}.Release|x64.ActiveCfg = Release|x64
		{D9D8153F-5A09-4D1D-964F-70E43AE58A62}.Release|x64.Build.0 = Release|x64
		{D9D8153F-5A09-4D1D-964F-70E43AE58A62}.Release|x86.ActiveCfg = Release|Win32
		{D9D8153F-5A09-4D1D-964F-70E43AE58A62}.Release|x86.Build.0 = Release|Win32
		{6536023D-D8BE-4631-AF9A-DCC04F3E0ABD}.Debug|x64.ActiveCfg = Debug|x64
		{6536023D-D8BE-4631-AF9A-DCC04F3E0ABD}.Debug|x64.Build.0 = Debug|x64
		{6536023D-D8BE-4631-AF9A-DCC04F3E0ABD}.Debug|x86.ActiveCfg = Debug|Win32
		{6536023D-D8BE-4631-AF9A-DCC04F3E0ABD}.Debug|x86.Build.0 = Debug|Win32
		{6536023D-D8BE-4631-AF9A-DCC04F3E0ABD}.Release|x64.ActiveCfg = Release|x64
		{6536023D-D8BE-4631-AF9A-DCC04F3E0ABD}.Release|x64.Build.0 = Release|x64
		{6536023D-D8BE-4631-AF9A-DCC04F3E0ABD}.Release|x86.ActiveCfg = Release|Win32
		{6536023D-D8BE-4631-AF9A-DCC04F3E0ABD}.Release|x86.Build.0 = Release|Win32
		{A340469E-3EB5-440A-8F74-D5857A990B22}.Debug|x64.ActiveCfg = Debug|x64
		{A340469E-3EB5-440A-8F74-D5857A990B22}.Debug|x64.Build.0 = Debug|x64
		{A340469E-3EB5-440A-8F74-D5857A990B22}.Debug|x86.ActiveCfg = Debug|Win32
		{A340469E-3EB5-440A-8F74-D5857A990B22}.Debug|x86.Build.0 = Debug|Win32
		{A340469E-3EB5-440A-8F74-D5857A990B22}.Release|x64.ActiveCfg = Release|x64
		{A340469E-3EB5-440A-8F74-D5857A990B22}.Release|x64.Build.0 = Release|x64
		{A340469E-3EB5-440A-8F74-D5857A990B22}.Release|x86.ActiveCfg = Release|Win32
		{A340469E-3EB5-440A-8F74-D5857A990B22}.Release|x86.Build.0 = Release|Win32
		{F7755372-CBB1-41DC-837E-CD70D9683337}.Debug|x64.ActiveCfg = Debug|x64
		{F7755372-CBB1-41DC-837E-CD70D9683337}.Debug|x64.Build.0 = Debug|x64
		{F7755372-CBB1-41DC-837E-CD70D9683337}.Debug|x64.Deploy.0 = Debug|x64
		{F7755372-CBB1-41DC-837E-CD70D9683337}.Debug|x86.ActiveCfg = Debug|x64
		{F7755372-CBB1-41DC-837E-CD70D9683337}.Release|x64.ActiveCfg = Release|x64
		{F7755372-CBB1-41DC-837E-CD70D9683337}.Release|x64.Build.0 = Release|x64
		{F7755372-CBB1-41DC-837E-CD70D9683337}.Release|x86.ActiveCfg = Release|x64
		{62AAFD1A-16A7-45AC-9BBF-4302EF394815}.Debug|x64.ActiveCfg = Debug|x64
		{62AAFD1A-16A7-45AC-9BBF-4302EF394815}.Debug|x64.Build.0 = Debug|x64
		{62AAFD1A-16A7-45AC-9BBF-4302EF394815}.Debug|x86.ActiveCfg = Debug|Win32
		{62AAFD1A-16A7-45AC-9BBF-4302EF394815}.Debug|x86.Build.0 = Debug|Win32
		{62AAFD1A-16A7-45AC-9BBF-4302EF394815}.Release|x64.ActiveCfg = Release|x64
		{62AAFD1A-16A7-45AC-9BBF-4302EF394815}.Release|x64.Build.0 = Release|x64
		{62AAFD1A-16A7-45AC-9BBF-4302EF394815}.Release|x86.ActiveCfg = Release|Win32
		{62AAFD1A-16A7-45AC-9BBF-4302EF394815}.Release|x86.Build.0 = Release|Win32
		{516B9D6F-DA55-427E-9DF6-891D54126901}.Debug|x64.ActiveCfg = Debug|x64
		{516B9D6F-DA55-427E-9DF6-891D54126901}.Debug|x64.Build.0 = Debug|x64
		{516B9D6F-DA55-427E-9DF6-891D54126901}.Debug|x86.ActiveCfg = Debug|x64
		{516B9D6F-DA55-427E-9DF6-891D54126901}.Release|x64.ActiveCfg = Release|x64
		{516B9D6F-DA55-427E-9DF6-891D54126901}.Release|x64.Build.0 = Release|x64
		{516B9D6F-DA55-427E-9DF6-891D54126901}.Release|x86.ActiveCfg = Release|x64
	EndGlobalSection
	GlobalSection(SolutionProperties) = preSolution
		HideSolutionNode = FALSE
	EndGlobalSection
	GlobalSection(NestedProjects) = preSolution
		{35489414-1F7C-45B6-9300-433D691BD950} = {1377D38A-F940-42FE-AE88-A8B5C2E06C0C}
		{D9D8153F-5A09-4D1D-964F-70E43AE58A62} = {1377D38A-F940-42FE-AE88-A8B5C2E06C0C}
		{6536023D-D8BE-4631-AF9A-DCC04F3E0ABD} = {1377D38A-F940-42FE-AE88-A8B5C2E06C0C}
		{A340469E-3EB5-440A-8F74-D5857A990B22} = {1377D38A-F940-42FE-AE88-A8B5C2E06C0C}
		{62AAFD1A-16A7-45AC-9BBF-4302EF394815} = {1377D38A-F940-42FE-AE88-A8B5C2E06C0C}
		{516B9D6F-DA55-427E-9DF6-891D54126901} = {1377D38A-F940-42FE-AE88-A8B5C2E06C0C}
	EndGlobalSection
	GlobalSection(ExtensibilityGlobals) = postSolution
		SolutionGuid = {DBDD9380-14C8-48F2-B29F-0C006003A6CF}
	EndGlobalSection
EndGlobal
