<?xml version="1.0" encoding="utf-8"?>
<Project ToolsVersion="4.0" xmlns="http://schemas.microsoft.com/developer/msbuild/2003">
  <ItemGroup>
    <Filter Include="源文件">
      <UniqueIdentifier>{4FC737F1-C7A5-4376-A066-2A32D752A2FF}</UniqueIdentifier>
      <Extensions>cpp;c;cc;cxx;def;odl;idl;hpj;bat;asm;asmx</Extensions>
    </Filter>
    <Filter Include="头文件">
      <UniqueIdentifier>{93995380-89BD-4b04-88EB-625FBE52EBFB}</UniqueIdentifier>
      <Extensions>h;hh;hpp;hxx;hm;inl;inc;ipp;xsd</Extensions>
    </Filter>
    <Filter Include="资源文件">
      <UniqueIdentifier>{67DA6AB6-F800-4c08-8B7A-83BB121AAD01}</UniqueIdentifier>
      <Extensions>rc;ico;cur;bmp;dlg;rc2;rct;bin;rgs;gif;jpg;jpeg;jpe;resx;tiff;tif;png;wav;mfcribbon-ms</Extensions>
    </Filter>
    <Filter Include="_business">
      <UniqueIdentifier>{4348945a-680e-4771-acd4-e557d75f83b4}</UniqueIdentifier>
    </Filter>
    <Filter Include="Generated Files">
      <UniqueIdentifier>{a8d79432-dfc0-45b5-9694-151305dd7c57}</UniqueIdentifier>
    </Filter>
    <Filter Include="Generated Files\Debug">
      <UniqueIdentifier>{10b47e02-5e6a-48bf-b4bc-227a51863a03}</UniqueIdentifier>
    </Filter>
    <Filter Include="Generated Files\Release">
      <UniqueIdentifier>{9375ada3-bacd-4170-ab10-20dc45d72320}</UniqueIdentifier>
    </Filter>
  </ItemGroup>
  <ItemGroup>
    <ClInclude Include="userdatas.h">
      <Filter>头文件</Filter>
    </ClInclude>
  </ItemGroup>
  <ItemGroup>
    <ClCompile Include="CFlamingoClientCenter.cpp">
      <Filter>源文件</Filter>
    </ClCompile>
    <ClCompile Include="CUserManager.cpp">
      <Filter>源文件</Filter>
    </ClCompile>
    <ClCompile Include="CUserBusinessCenter.cpp">
      <Filter>_business</Filter>
    </ClCompile>
    <ClCompile Include="GeneratedFiles\Debug\moc_CUserManager.cpp">
      <Filter>Generated Files\Debug</Filter>
    </ClCompile>
    <ClCompile Include="GeneratedFiles\Debug\moc_CFlamingoClientCenter.cpp">
      <Filter>Generated Files\Debug</Filter>
    </ClCompile>
  </ItemGroup>
  <ItemGroup>
    <CustomBuild Include="CUserManager.h">
      <Filter>头文件</Filter>
    </CustomBuild>
    <CustomBuild Include="CUserBusinessCenter.h">
      <Filter>_business</Filter>
    </CustomBuild>
    <CustomBuild Include="CFlamingoClientCenter.h">
      <Filter>头文件</Filter>
    </CustomBuild>
  </ItemGroup>
</Project>