<?xml version="1.0" encoding="utf-8"?>
<Project ToolsVersion="15.0" xmlns="http://schemas.microsoft.com/developer/msbuild/2003">
  <ItemGroup>
    <Filter Include="Header Files">
      <UniqueIdentifier>{c344b4f8-77b4-4f8e-9cdd-8b978dd7d837}</UniqueIdentifier>
    </Filter>
    <Filter Include="Source Files">
      <UniqueIdentifier>{3f5db6a7-a044-4872-ba48-92c7a648f475}</UniqueIdentifier>
    </Filter>
  </ItemGroup>
  <ItemGroup>
    <ClCompile Include="CPushButton.cpp">
      <Filter>Source Files</Filter>
    </ClCompile>
    <ClCompile Include="CLineEdit.cpp">
      <Filter>Source Files</Filter>
    </ClCompile>
    <ClCompile Include="CAutoKeyboardLineEdit.cpp">
      <Filter>Source Files</Filter>
    </ClCompile>
    <ClCompile Include="CAutoKeyboardOperator.cpp">
      <Filter>Source Files</Filter>
    </ClCompile>
    <ClCompile Include="CAutoKeyboardWidget.cpp">
      <Filter>Source Files</Filter>
    </ClCompile>
  </ItemGroup>
  <ItemGroup>
    <QtMoc Include="CLineEdit.h">
      <Filter>Header Files</Filter>
    </QtMoc>
    <QtMoc Include="CAutoKeyboardLineEdit.h">
      <Filter>Header Files</Filter>
    </QtMoc>
    <QtMoc Include="CAutoKeyboardOperator.h">
      <Filter>Header Files</Filter>
    </QtMoc>
    <QtMoc Include="CAutoKeyboardWidget.h">
      <Filter>Header Files</Filter>
    </QtMoc>
    <QtMoc Include="CPushButton.h">
      <Filter>Header Files</Filter>
    </QtMoc>
  </ItemGroup>
</Project>