<?xml version="1.0" encoding="utf-8"?>
<Project ToolsVersion="4.0" xmlns="http://schemas.microsoft.com/developer/msbuild/2003">
  <ItemGroup>
    <Filter Include="Generated Files">
      <UniqueIdentifier>{eb0e3131-eb74-4410-9e8d-e1839d9ebbbc}</UniqueIdentifier>
    </Filter>
    <Filter Include="Generated Files\Debug">
      <UniqueIdentifier>{fd8e8b67-4ffd-4922-9a6f-598240c5c363}</UniqueIdentifier>
    </Filter>
    <Filter Include="Header Files">
      <UniqueIdentifier>{027cbcd5-e7b4-43bc-a2fc-9482dc384ac8}</UniqueIdentifier>
    </Filter>
    <Filter Include="Source Files">
      <UniqueIdentifier>{57b134e3-279f-49c8-b69f-d0c598f5eaf0}</UniqueIdentifier>
    </Filter>
  </ItemGroup>
  <ItemGroup>
    <ClInclude Include="CEventDeliverer.h">
      <Filter>Header Files</Filter>
    </ClInclude>
    <ClInclude Include="CEventWidgetT.h">
      <Filter>Header Files</Filter>
    </ClInclude>
    <ClInclude Include="eventDef.h">
      <Filter>Header Files</Filter>
    </ClInclude>
  </ItemGroup>
  <ItemGroup>
    <ClCompile Include="CEventDeliverer.cpp">
      <Filter>Source Files</Filter>
    </ClCompile>
  </ItemGroup>
</Project>